
Microsoft Visual Studio Solution File, Format Version 12.00
# Visual Studio Version 16
VisualStudioVersion = 16.0.31019.35
MinimumVisualStudioVersion = 10.0.40219.1
Project("{FAE04EC0-301F-11D3-BF4B-00C04F79EFBC}") = "Librarys", "Librarys\Librarys.csproj", "{77D66A48-56A0-4945-A7CC-177C995256C3}"
EndProject
Global
	GlobalSection(SolutionConfigurationPlatforms) = preSolution
		Debug|Any CPU = Debug|Any CPU
		Release|Any CPU = Release|Any CPU
	EndGlobalSection
	GlobalSection(ProjectConfigurationPlatforms) = postSolution
		{77D66A48-56A0-4945-A7CC-177C995256C3}.Debug|Any CPU.ActiveCfg = Debug|Any CPU
		{77D66A48-56A0-4945-A7CC-177C995256C3}.Debug|Any CPU.Build.0 = Debug|Any CPU
		{77D66A48-56A0-4945-A7CC-177C995256C3}.Release|Any CPU.ActiveCfg = Release|Any CPU
		{77D66A48-56A0-4945-A7CC-177C995256C3}.Release|Any CPU.Build.0 = Release|Any CPU
	EndGlobalSection
	GlobalSection(SolutionProperties) = preSolution
		HideSolutionNode = FALSE
	EndGlobalSection
	GlobalSection(ExtensibilityGlobals) = postSolution
		SolutionGuid = {56CDFB81-6BF2-4D2A-8ACB-8216C784550A}
	EndGlobalSection
EndGlobal
